// !$*UTF8*$!
{
	archiveVersion = 1;
	classes = {
	};
	objectVersion = 77;
	objects = {

/* Begin PBXBuildFile section */
		220EC91A2F1FAAF300A32BFF /* ios-tests.yml in Resources */ = {isa = PBXBuildFile; fileRef = 220EC9172F1FAAF300A32BFF /* ios-tests.yml */; };
/* End PBXBuildFile section */

/* Begin PBXContainerItemProxy section */
		220EC8F72F1D3CEE00A32BFF /* PBXContainerItemProxy */ = {
			isa = PBXContainerItemProxy;
			containerPortal = 220EC8E12F1D3CEC00A32BFF /* Project object */;
			proxyType = 1;
			remoteGlobalIDString = 220EC8E82F1D3CEC00A32BFF;
			remoteInfo = "mobile-incremental-prototype";
		};
		220EC9012F1D3CEE00A32BFF /* PBXContainerItemProxy */ = {
			isa = PBXContainerItemProxy;
			containerPortal = 220EC8E12F1D3CEC00A32BFF /* Project object */;
			proxyType = 1;
			remoteGlobalIDString = 220EC8E82F1D3CEC00A32BFF;
			remoteInfo = "mobile-incremental-prototype";
		};
/* End PBXContainerItemProxy section */

/* Begin PBXFileReference section */
		220EC8E92F1D3CEC00A32BFF /* mobile-incremental-prototype.app */ = {isa = PBXFileReference; explicitFileType = wrapper.application; includeInIndex = 0; path = "mobile-incremental-prototype.app"; sourceTree = BUILT_PRODUCTS_DIR; };
		220EC8F62F1D3CEE00A32BFF /* mobile-incremental-prototypeTests.xctest */ = {isa = PBXFileReference; explicitFileType = wrapper.cfbundle; includeInIndex = 0; path = "mobile-incremental-prototypeTests.xctest"; sourceTree = BUILT_PRODUCTS_DIR; };
		220EC9002F1D3CEE00A32BFF /* mobile-incremental-prototypeUITests.xctest */ = {isa = PBXFileReference; explicitFileType = wrapper.cfbundle; includeInIndex = 0; path = "mobile-incremental-prototypeUITests.xctest"; sourceTree = BUILT_PRODUCTS_DIR; };
		220EC9142F1D429600A32BFF /* PLAN.md */ = {isa = PBXFileReference; lastKnownFileType = net.daringfireball.markdown; path = PLAN.md; sourceTree = "<group>"; };
		220EC9172F1FAAF300A32BFF /* ios-tests.yml */ = {isa = PBXFileReference; lastKnownFileType = text.yaml; path = "ios-tests.yml"; sourceTree = "<group>"; };
/* End PBXFileReference section */

/* Begin PBXFileSystemSynchronizedRootGroup section */
		220EC8EB2F1D3CEC00A32BFF /* mobile-incremental-prototype */ = {
			isa = PBXFileSystemSynchronizedRootGroup;
			path = "mobile-incremental-prototype";
			sourceTree = "<group>";
		};
		220EC8F92F1D3CEE00A32BFF /* mobile-incremental-prototypeTests */ = {
			isa = PBXFileSystemSynchronizedRootGroup;
			path = "mobile-incremental-prototypeTests";
			sourceTree = "<group>";
		};
		220EC9032F1D3CEE00A32BFF /* mobile-incremental-prototypeUITests */ = {
			isa = PBXFileSystemSynchronizedRootGroup;
			path = "mobile-incremental-prototypeUITests";
			sourceTree = "<group>";
		};
/* End PBXFileSystemSynchronizedRootGroup section */

/* Begin PBXFrameworksBuildPhase section */
		220EC8E62F1D3CEC00A32BFF /* Frameworks */ = {
			isa = PBXFrameworksBuildPhase;
			buildActionMask = 2147483647;
			files = (
			);
			runOnlyForDeploymentPostprocessing = 0;
		};
		220EC8F32F1D3CEE00A32BFF /* Frameworks */ = {
			isa = PBXFrameworksBuildPhase;
			buildActionMask = 2147483647;
			files = (
			);
			runOnlyForDeploymentPostprocessing = 0;
		};
		220EC8FD2F1D3CEE00A32BFF /* Frameworks */ = {
			isa = PBXFrameworksBuildPhase;
			buildActionMask = 2147483647;
			files = (
			);
			runOnlyForDeploymentPostprocessing = 0;
		};
/* End PBXFrameworksBuildPhase section */

/* Begin PBXGroup section */
		220EC8E02F1D3CEC00A32BFF = {
			isa = PBXGroup;
			children = (
				220EC9192F1FAAF300A32BFF /* .github */,
				220EC9132F1D428000A32BFF /* docs */,
				220EC8EB2F1D3CEC00A32BFF /* mobile-incremental-prototype */,
				220EC8F92F1D3CEE00A32BFF /* mobile-incremental-prototypeTests */,
				220EC9032F1D3CEE00A32BFF /* mobile-incremental-prototypeUITests */,
				220EC8EA2F1D3CEC00A32BFF /* Products */,
			);
			sourceTree = "<group>";
		};
		220EC8EA2F1D3CEC00A32BFF /* Products */ = {
			isa = PBXGroup;
			children = (
				220EC8E92F1D3CEC00A32BFF /* mobile-incremental-prototype.app */,
				220EC8F62F1D3CEE00A32BFF /* mobile-incremental-prototypeTests.xctest */,
				220EC9002F1D3CEE00A32BFF /* mobile-incremental-prototypeUITests.xctest */,
			);
			name = Products;
			sourceTree = "<group>";
		};
		220EC9132F1D428000A32BFF /* docs */ = {
			isa = PBXGroup;
			children = (
				220EC9142F1D429600A32BFF /* PLAN.md */,
			);
			path = docs;
			sourceTree = "<group>";
		};
		220EC9182F1FAAF300A32BFF /* workflows */ = {
			isa = PBXGroup;
			children = (
				220EC9172F1FAAF300A32BFF /* ios-tests.yml */,
			);
			path = workflows;
			sourceTree = "<group>";
		};
		220EC9192F1FAAF300A32BFF /* .github */ = {
			isa = PBXGroup;
			children = (
				220EC9182F1FAAF300A32BFF /* workflows */,
			);
			path = .github;
			sourceTree = "<group>";
		};
/* End PBXGroup section */

/* Begin PBXNativeTarget section */
		220EC8E82F1D3CEC00A32BFF /* mobile-incremental-prototype */ = {
			isa = PBXNativeTarget;
			buildConfigurationList = 220EC90A2F1D3CEE00A32BFF /* Build configuration list for PBXNativeTarget "mobile-incremental-prototype" */;
			buildPhases = (
				220EC8E52F1D3CEC00A32BFF /* Sources */,
				220EC8E62F1D3CEC00A32BFF /* Frameworks */,
				220EC8E72F1D3CEC00A32BFF /* Resources */,
			);
			buildRules = (
			);
			dependencies = (
			);
			fileSystemSynchronizedGroups = (
				220EC8EB2F1D3CEC00A32BFF /* mobile-incremental-prototype */,
			);
			name = "mobile-incremental-prototype";
			packageProductDependencies = (
			);
			productName = "mobile-incremental-prototype";
			productReference = 220EC8E92F1D3CEC00A32BFF /* mobile-incremental-prototype.app */;
			productType = "com.apple.product-type.application";
		};
		220EC8F52F1D3CEE00A32BFF /* mobile-incremental-prototypeTests */ = {
			isa = PBXNativeTarget;
			buildConfigurationList = 220EC90D2F1D3CEE00A32BFF /* Build configuration list for PBXNativeTarget "mobile-incremental-prototypeTests" */;
			buildPhases = (
				220EC8F22F1D3CEE00A32BFF /* Sources */,
				220EC8F32F1D3CEE00A32BFF /* Frameworks */,
				220EC8F42F1D3CEE00A32BFF /* Resources */,
			);
			buildRules = (
			);
			dependencies = (
				220EC8F82F1D3CEE00A32BFF /* PBXTargetDependency */,
			);
			fileSystemSynchronizedGroups = (
				220EC8F92F1D3CEE00A32BFF /* mobile-incremental-prototypeTests */,
			);
			name = "mobile-incremental-prototypeTests";
			packageProductDependencies = (
			);
			productName = "mobile-incremental-prototypeTests";
			productReference = 220EC8F62F1D3CEE00A32BFF /* mobile-incremental-prototypeTests.xctest */;
			productType = "com.apple.product-type.bundle.unit-test";
		};
		220EC8FF2F1D3CEE00A32BFF /* mobile-incremental-prototypeUITests */ = {
			isa = PBXNativeTarget;
			buildConfigurationList = 220EC9102F1D3CEE00A32BFF /* Build configuration list for PBXNativeTarget "mobile-incremental-prototypeUITests" */;
			buildPhases = (
				220EC8FC2F1D3CEE00A32BFF /* Sources */,
				220EC8FD2F1D3CEE00A32BFF /* Frameworks */,
				220EC8FE2F1D3CEE00A32BFF /* Resources */,
			);
			buildRules = (
			);
			dependencies = (
				220EC9022F1D3CEE00A32BFF /* PBXTargetDependency */,
			);
			fileSystemSynchronizedGroups = (
				220EC9032F1D3CEE00A32BFF /* mobile-incremental-prototypeUITests */,
			);
			name = "mobile-incremental-prototypeUITests";
			packageProductDependencies = (
			);
			productName = "mobile-incremental-prototypeUITests";
			productReference = 220EC9002F1D3CEE00A32BFF /* mobile-incremental-prototypeUITests.xctest */;
			productType = "com.apple.product-type.bundle.ui-testing";
		};
/* End PBXNativeTarget section */

/* Begin PBXProject section */
		220EC8E12F1D3CEC00A32BFF /* Project object */ = {
			isa = PBXProject;
			attributes = {
				BuildIndependentTargetsInParallel = 1;
				LastSwiftUpdateCheck = 2600;
				LastUpgradeCheck = 2600;
				TargetAttributes = {
					220EC8E82F1D3CEC00A32BFF = {
						CreatedOnToolsVersion = 26.0.1;
					};
					220EC8F52F1D3CEE00A32BFF = {
						CreatedOnToolsVersion = 26.0.1;
						TestTargetID = 220EC8E82F1D3CEC00A32BFF;
					};
					220EC8FF2F1D3CEE00A32BFF = {
						CreatedOnToolsVersion = 26.0.1;
						TestTargetID = 220EC8E82F1D3CEC00A32BFF;
					};
				};
			};
			buildConfigurationList = 220EC8E42F1D3CEC00A32BFF /* Build configuration list for PBXProject "mobile-incremental-prototype" */;
			developmentRegion = en;
			hasScannedForEncodings = 0;
			knownRegions = (
				en,
				Base,
			);
			mainGroup = 220EC8E02F1D3CEC00A32BFF;
			minimizedProjectReferenceProxies = 1;
			preferredProjectObjectVersion = 77;
			productRefGroup = 220EC8EA2F1D3CEC00A32BFF /* Products */;
			projectDirPath = "";
			projectRoot = "";
			targets = (
				220EC8E82F1D3CEC00A32BFF /* mobile-incremental-prototype */,
				220EC8F52F1D3CEE00A32BFF /* mobile-incremental-prototypeTests */,
				220EC8FF2F1D3CEE00A32BFF /* mobile-incremental-prototypeUITests */,
			);
		};
/* End PBXProject section */

/* Begin PBXResourcesBuildPhase section */
		220EC8E72F1D3CEC00A32BFF /* Resources */ = {
			isa = PBXResourcesBuildPhase;
			buildActionMask = 2147483647;
			files = (
				220EC91A2F1FAAF300A32BFF /* ios-tests.yml in Resources */,
			);
			runOnlyForDeploymentPostprocessing = 0;
		};
		220EC8F42F1D3CEE00A32BFF /* Resources */ = {
			isa = PBXResourcesBuildPhase;
			buildActionMask = 2147483647;
			files = (
			);
			runOnlyForDeploymentPostprocessing = 0;
		};
		220EC8FE2F1D3CEE00A32BFF /* Resources */ = {
			isa = PBXResourcesBuildPhase;
			buildActionMask = 2147483647;
			files = (
			);
			runOnlyForDeploymentPostprocessing = 0;
		};
/* End PBXResourcesBuildPhase section */

/* Begin PBXSourcesBuildPhase section */
		220EC8E52F1D3CEC00A32BFF /* Sources */ = {
			isa = PBXSourcesBuildPhase;
			buildActionMask = 2147483647;
			files = (
			);
			runOnlyForDeploymentPostprocessing = 0;
		};
		220EC8F22F1D3CEE00A32BFF /* Sources */ = {
			isa = PBXSourcesBuildPhase;
			buildActionMask = 2147483647;
			files = (
			);
			runOnlyForDeploymentPostprocessing = 0;
		};
		220EC8FC2F1D3CEE00A32BFF /* Sources */ = {
			isa = PBXSourcesBuildPhase;
			buildActionMask = 2147483647;
			files = (
			);
			runOnlyForDeploymentPostprocessing = 0;
		};
/* End PBXSourcesBuildPhase section */

/* Begin PBXTargetDependency section */
		220EC8F82F1D3CEE00A32BFF /* PBXTargetDependency */ = {
			isa = PBXTargetDependency;
			target = 220EC8E82F1D3CEC00A32BFF /* mobile-incremental-prototype */;
			targetProxy = 220EC8F72F1D3CEE00A32BFF /* PBXContainerItemProxy */;
		};
		220EC9022F1D3CEE00A32BFF /* PBXTargetDependency */ = {
			isa = PBXTargetDependency;
			target = 220EC8E82F1D3CEC00A32BFF /* mobile-incremental-prototype */;
			targetProxy = 220EC9012F1D3CEE00A32BFF /* PBXContainerItemProxy */;
		};
/* End PBXTargetDependency section */

/* Begin XCBuildConfiguration section */
		220EC9082F1D3CEE00A32BFF /* Debug */ = {
			isa = XCBuildConfiguration;
			buildSettings = {
				ALWAYS_SEARCH_USER_PATHS = NO;
				ASSETCATALOG_COMPILER_GENERATE_SWIFT_ASSET_SYMBOL_EXTENSIONS = YES;
				CLANG_ANALYZER_NONNULL = YES;
				CLANG_ANALYZER_NUMBER_OBJECT_CONVERSION = YES_AGGRESSIVE;
				CLANG_CXX_LANGUAGE_STANDARD = "gnu++20";
				CLANG_ENABLE_MODULES = YES;
				CLANG_ENABLE_OBJC_ARC = YES;
				CLANG_ENABLE_OBJC_WEAK = YES;
				CLANG_WARN_BLOCK_CAPTURE_AUTORELEASING = YES;
				CLANG_WARN_BOOL_CONVERSION = YES;
				CLANG_WARN_COMMA = YES;
				CLANG_WARN_CONSTANT_CONVERSION = YES;
				CLANG_WARN_DEPRECATED_OBJC_IMPLEMENTATIONS = YES;
				CLANG_WARN_DIRECT_OBJC_ISA_USAGE = YES_ERROR;
				CLANG_WARN_DOCUMENTATION_COMMENTS = YES;
				CLANG_WARN_EMPTY_BODY = YES;
				CLANG_WARN_ENUM_CONVERSION = YES;
				CLANG_WARN_INFINITE_RECURSION = YES;
				CLANG_WARN_INT_CONVERSION = YES;
				CLANG_WARN_NON_LITERAL_NULL_CONVERSION = YES;
				CLANG_WARN_OBJC_IMPLICIT_RETAIN_SELF = YES;
				CLANG_WARN_OBJC_LITERAL_CONVERSION = YES;
				CLANG_WARN_OBJC_ROOT_CLASS = YES_ERROR;
				CLANG_WARN_QUOTED_INCLUDE_IN_FRAMEWORK_HEADER = YES;
				CLANG_WARN_RANGE_LOOP_ANALYSIS = YES;
				CLANG_WARN_STRICT_PROTOTYPES = YES;
				CLANG_WARN_SUSPICIOUS_MOVE = YES;
				CLANG_WARN_UNGUARDED_AVAILABILITY = YES_AGGRESSIVE;
				CLANG_WARN_UNREACHABLE_CODE = YES;
				CLANG_WARN__DUPLICATE_METHOD_MATCH = YES;
				COPY_PHASE_STRIP = NO;
				DEBUG_INFORMATION_FORMAT = dwarf;
				DEVELOPMENT_TEAM = 3KR65ZULS9;
				ENABLE_STRICT_OBJC_MSGSEND = YES;
				ENABLE_TESTABILITY = YES;
				ENABLE_USER_SCRIPT_SANDBOXING = YES;
				GCC_C_LANGUAGE_STANDARD = gnu17;
				GCC_DYNAMIC_NO_PIC = NO;
				GCC_NO_COMMON_BLOCKS = YES;
				GCC_OPTIMIZATION_LEVEL = 0;
				GCC_PREPROCESSOR_DEFINITIONS = (
					"DEBUG=1",
					"$(inherited)",
				);
				GCC_WARN_64_TO_32_BIT_CONVERSION = YES;
				GCC_WARN_ABOUT_RETURN_TYPE = YES_ERROR;
				GCC_WARN_UNDECLARED_SELECTOR = YES;
				GCC_WARN_UNINITIALIZED_AUTOS = YES_AGGRESSIVE;
				GCC_WARN_UNUSED_FUNCTION = YES;
				GCC_WARN_UNUSED_VARIABLE = YES;
				IPHONEOS_DEPLOYMENT_TARGET = 26.0;
				LOCALIZATION_PREFERS_STRING_CATALOGS = YES;
				MTL_ENABLE_DEBUG_INFO = INCLUDE_SOURCE;
				MTL_FAST_MATH = YES;
				ONLY_ACTIVE_ARCH = YES;
				SDKROOT = iphoneos;
				SWIFT_ACTIVE_COMPILATION_CONDITIONS = "DEBUG $(inherited)";
				SWIFT_OPTIMIZATION_LEVEL = "-Onone";
			};
			name = Debug;
		};
		220EC9092F1D3CEE00A32BFF /* Release */ = {
			isa = XCBuildConfiguration;
			buildSettings = {
				ALWAYS_SEARCH_USER_PATHS = NO;
				ASSETCATALOG_COMPILER_GENERATE_SWIFT_ASSET_SYMBOL_EXTENSIONS = YES;
				CLANG_ANALYZER_NONNULL = YES;
				CLANG_ANALYZER_NUMBER_OBJECT_CONVERSION = YES_AGGRESSIVE;
				CLANG_CXX_LANGUAGE_STANDARD = "gnu++20";
				CLANG_ENABLE_MODULES = YES;
				CLANG_ENABLE_OBJC_ARC = YES;
				CLANG_ENABLE_OBJC_WEAK = YES;
				CLANG_WARN_BLOCK_CAPTURE_AUTORELEASING = YES;
				CLANG_WARN_BOOL_CONVERSION = YES;
				CLANG_WARN_COMMA = YES;
				CLANG_WARN_CONSTANT_CONVERSION = YES;
				CLANG_WARN_DEPRECATED_OBJC_IMPLEMENTATIONS = YES;
				CLANG_WARN_DIRECT_OBJC_ISA_USAGE = YES_ERROR;
				CLANG_WARN_DOCUMENTATION_COMMENTS = YES;
				CLANG_WARN_EMPTY_BODY = YES;
				CLANG_WARN_ENUM_CONVERSION = YES;
				CLANG_WARN_INFINITE_RECURSION = YES;
				CLANG_WARN_INT_CONVERSION = YES;
				CLANG_WARN_NON_LITERAL_NULL_CONVERSION = YES;
				CLANG_WARN_OBJC_IMPLICIT_RETAIN_SELF = YES;
				CLANG_WARN_OBJC_LITERAL_CONVERSION = YES;
				CLANG_WARN_OBJC_ROOT_CLASS = YES_ERROR;
				CLANG_WARN_QUOTED_INCLUDE_IN_FRAMEWORK_HEADER = YES;
				CLANG_WARN_RANGE_LOOP_ANALYSIS = YES;
				CLANG_WARN_STRICT_PROTOTYPES = YES;
				CLANG_WARN_SUSPICIOUS_MOVE = YES;
				CLANG_WARN_UNGUARDED_AVAILABILITY = YES_AGGRESSIVE;
				CLANG_WARN_UNREACHABLE_CODE = YES;
				CLANG_WARN__DUPLICATE_METHOD_MATCH = YES;
				COPY_PHASE_STRIP = NO;
				DEBUG_INFORMATION_FORMAT = "dwarf-with-dsym";
				DEVELOPMENT_TEAM = 3KR65ZULS9;
				ENABLE_NS_ASSERTIONS = NO;
				ENABLE_STRICT_OBJC_MSGSEND = YES;
				ENABLE_USER_SCRIPT_SANDBOXING = YES;
				GCC_C_LANGUAGE_STANDARD = gnu17;
				GCC_NO_COMMON_BLOCKS = YES;
				GCC_WARN_64_TO_32_BIT_CONVERSION = YES;
				GCC_WARN_ABOUT_RETURN_TYPE = YES_ERROR;
				GCC_WARN_UNDECLARED_SELECTOR = YES;
				GCC_WARN_UNINITIALIZED_AUTOS = YES_AGGRESSIVE;
				GCC_WARN_UNUSED_FUNCTION = YES;
				GCC_WARN_UNUSED_VARIABLE = YES;
				IPHONEOS_DEPLOYMENT_TARGET = 26.0;
				LOCALIZATION_PREFERS_STRING_CATALOGS = YES;
				MTL_ENABLE_DEBUG_INFO = NO;
				MTL_FAST_MATH = YES;
				SDKROOT = iphoneos;
				SWIFT_COMPILATION_MODE = wholemodule;
				VALIDATE_PRODUCT = YES;
			};
			name = Release;
		};
		220EC90B2F1D3CEE00A32BFF /* Debug */ = {
			isa = XCBuildConfiguration;
			buildSettings = {
				ASSETCATALOG_COMPILER_APPICON_NAME = AppIcon;
				ASSETCATALOG_COMPILER_GLOBAL_ACCENT_COLOR_NAME = AccentColor;
				CODE_SIGN_STYLE = Automatic;
				CURRENT_PROJECT_VERSION = 1;
				DEVELOPMENT_TEAM = 3KR65ZULS9;
				ENABLE_PREVIEWS = YES;
				GENERATE_INFOPLIST_FILE = YES;
				INFOPLIST_KEY_UIApplicationSceneManifest_Generation = YES;
				INFOPLIST_KEY_UIApplicationSupportsIndirectInputEvents = YES;
				INFOPLIST_KEY_UILaunchScreen_Generation = YES;
				INFOPLIST_KEY_UISupportedInterfaceOrientations_iPad = "UIInterfaceOrientationPortrait UIInterfaceOrientationPortraitUpsideDown UIInterfaceOrientationLandscapeLeft UIInterfaceOrientationLandscapeRight";
				INFOPLIST_KEY_UISupportedInterfaceOrientations_iPhone = "UIInterfaceOrientationPortrait UIInterfaceOrientationLandscapeLeft UIInterfaceOrientationLandscapeRight";
				IPHONEOS_DEPLOYMENT_TARGET = 18.5;
				LD_RUNPATH_SEARCH_PATHS = (
					"$(inherited)",
					"@executable_path/Frameworks",
				);
				MARKETING_VERSION = 1.0;
				PRODUCT_BUNDLE_IDENTIFIER = "edu.davidrynn.mobile-incremental-prototype";
				PRODUCT_NAME = "$(TARGET_NAME)";
				STRING_CATALOG_GENERATE_SYMBOLS = YES;
				SWIFT_APPROACHABLE_CONCURRENCY = YES;
				SWIFT_DEFAULT_ACTOR_ISOLATION = MainActor;
				SWIFT_EMIT_LOC_STRINGS = YES;
				SWIFT_UPCOMING_FEATURE_MEMBER_IMPORT_VISIBILITY = YES;
				SWIFT_VERSION = 5.0;
				TARGETED_DEVICE_FAMILY = "1,2";
			};
			name = Debug;
		};
		220EC90C2F1D3CEE00A32BFF /* Release */ = {
			isa = XCBuildConfiguration;
			buildSettings = {
				ASSETCATALOG_COMPILER_APPICON_NAME = AppIcon;
				ASSETCATALOG_COMPILER_GLOBAL_ACCENT_COLOR_NAME = AccentColor;
				CODE_SIGN_STYLE = Automatic;
				CURRENT_PROJECT_VERSION = 1;
				DEVELOPMENT_TEAM = 3KR65ZULS9;
				ENABLE_PREVIEWS = YES;
				GENERATE_INFOPLIST_FILE = YES;
				INFOPLIST_KEY_UIApplicationSceneManifest_Generation = YES;
				INFOPLIST_KEY_UIApplicationSupportsIndirectInputEvents = YES;
				INFOPLIST_KEY_UILaunchScreen_Generation = YES;
				INFOPLIST_KEY_UISupportedInterfaceOrientations_iPad = "UIInterfaceOrientationPortrait UIInterfaceOrientationPortraitUpsideDown UIInterfaceOrientationLandscapeLeft UIInterfaceOrientationLandscapeRight";
				INFOPLIST_KEY_UISupportedInterfaceOrientations_iPhone = "UIInterfaceOrientationPortrait UIInterfaceOrientationLandscapeLeft UIInterfaceOrientationLandscapeRight";
				IPHONEOS_DEPLOYMENT_TARGET = 18.5;
				LD_RUNPATH_SEARCH_PATHS = (
					"$(inherited)",
					"@executable_path/Frameworks",
				);
				MARKETING_VERSION = 1.0;
				PRODUCT_BUNDLE_IDENTIFIER = "edu.davidrynn.mobile-incremental-prototype";
				PRODUCT_NAME = "$(TARGET_NAME)";
				STRING_CATALOG_GENERATE_SYMBOLS = YES;
				SWIFT_APPROACHABLE_CONCURRENCY = YES;
				SWIFT_DEFAULT_ACTOR_ISOLATION = MainActor;
				SWIFT_EMIT_LOC_STRINGS = YES;
				SWIFT_UPCOMING_FEATURE_MEMBER_IMPORT_VISIBILITY = YES;
				SWIFT_VERSION = 5.0;
				TARGETED_DEVICE_FAMILY = "1,2";
			};
			name = Release;
		};
		220EC90E2F1D3CEE00A32BFF /* Debug */ = {
			isa = XCBuildConfiguration;
			buildSettings = {
				BUNDLE_LOADER = "$(TEST_HOST)";
				CODE_SIGN_STYLE = Automatic;
				CURRENT_PROJECT_VERSION = 1;
				DEVELOPMENT_TEAM = 3KR65ZULS9;
				GENERATE_INFOPLIST_FILE = YES;
				IPHONEOS_DEPLOYMENT_TARGET = 26.0;
				MARKETING_VERSION = 1.0;
				PRODUCT_BUNDLE_IDENTIFIER = "edu.davidrynn.mobile-incremental-prototypeTests";
				PRODUCT_NAME = "$(TARGET_NAME)";
				STRING_CATALOG_GENERATE_SYMBOLS = NO;
				SWIFT_APPROACHABLE_CONCURRENCY = YES;
				SWIFT_EMIT_LOC_STRINGS = NO;
				SWIFT_UPCOMING_FEATURE_MEMBER_IMPORT_VISIBILITY = YES;
				SWIFT_VERSION = 5.0;
				TARGETED_DEVICE_FAMILY = "1,2";
				TEST_HOST = "$(BUILT_PRODUCTS_DIR)/mobile-incremental-prototype.app/$(BUNDLE_EXECUTABLE_FOLDER_PATH)/mobile-incremental-prototype";
			};
			name = Debug;
		};
		220EC90F2F1D3CEE00A32BFF /* Release */ = {
			isa = XCBuildConfiguration;
			buildSettings = {
				BUNDLE_LOADER = "$(TEST_HOST)";
				CODE_SIGN_STYLE = Automatic;
				CURRENT_PROJECT_VERSION = 1;
				DEVELOPMENT_TEAM = 3KR65ZULS9;
				GENERATE_INFOPLIST_FILE = YES;
				IPHONEOS_DEPLOYMENT_TARGET = 26.0;
				MARKETING_VERSION = 1.0;
				PRODUCT_BUNDLE_IDENTIFIER = "edu.davidrynn.mobile-incremental-prototypeTests";
				PRODUCT_NAME = "$(TARGET_NAME)";
				STRING_CATALOG_GENERATE_SYMBOLS = NO;
				SWIFT_APPROACHABLE_CONCURRENCY = YES;
				SWIFT_EMIT_LOC_STRINGS = NO;
				SWIFT_UPCOMING_FEATURE_MEMBER_IMPORT_VISIBILITY = YES;
				SWIFT_VERSION = 5.0;
				TARGETED_DEVICE_FAMILY = "1,2";
				TEST_HOST = "$(BUILT_PRODUCTS_DIR)/mobile-incremental-prototype.app/$(BUNDLE_EXECUTABLE_FOLDER_PATH)/mobile-incremental-prototype";
			};
			name = Release;
		};
		220EC9112F1D3CEE00A32BFF /* Debug */ = {
			isa = XCBuildConfiguration;
			buildSettings = {
				CODE_SIGN_STYLE = Automatic;
				CURRENT_PROJECT_VERSION = 1;
				DEVELOPMENT_TEAM = 3KR65ZULS9;
				GENERATE_INFOPLIST_FILE = YES;
				MARKETING_VERSION = 1.0;
				PRODUCT_BUNDLE_IDENTIFIER = "edu.davidrynn.mobile-incremental-prototypeUITests";
				PRODUCT_NAME = "$(TARGET_NAME)";
				STRING_CATALOG_GENERATE_SYMBOLS = NO;
				SWIFT_APPROACHABLE_CONCURRENCY = YES;
				SWIFT_EMIT_LOC_STRINGS = NO;
				SWIFT_UPCOMING_FEATURE_MEMBER_IMPORT_VISIBILITY = YES;
				SWIFT_VERSION = 5.0;
				TARGETED_DEVICE_FAMILY = "1,2";
				TEST_TARGET_NAME = "mobile-incremental-prototype";
			};
			name = Debug;
		};
		220EC9122F1D3CEE00A32BFF /* Release */ = {
			isa = XCBuildConfiguration;
			buildSettings = {
				CODE_SIGN_STYLE = Automatic;
				CURRENT_PROJECT_VERSION = 1;
				DEVELOPMENT_TEAM = 3KR65ZULS9;
				GENERATE_INFOPLIST_FILE = YES;
				MARKETING_VERSION = 1.0;
				PRODUCT_BUNDLE_IDENTIFIER = "edu.davidrynn.mobile-incremental-prototypeUITests";
				PRODUCT_NAME = "$(TARGET_NAME)";
				STRING_CATALOG_GENERATE_SYMBOLS = NO;
				SWIFT_APPROACHABLE_CONCURRENCY = YES;
				SWIFT_EMIT_LOC_STRINGS = NO;
				SWIFT_UPCOMING_FEATURE_MEMBER_IMPORT_VISIBILITY = YES;
				SWIFT_VERSION = 5.0;
				TARGETED_DEVICE_FAMILY = "1,2";
				TEST_TARGET_NAME = "mobile-incremental-prototype";
			};
			name = Release;
		};
/* End XCBuildConfiguration section */

/* Begin XCConfigurationList section */
		220EC8E42F1D3CEC00A32BFF /* Build configuration list for PBXProject "mobile-incremental-prototype" */ = {
			isa = XCConfigurationList;
			buildConfigurations = (
				220EC9082F1D3CEE00A32BFF /* Debug */,
				220EC9092F1D3CEE00A32BFF /* Release */,
			);
			defaultConfigurationIsVisible = 0;
			defaultConfigurationName = Release;
		};
		220EC90A2F1D3CEE00A32BFF /* Build configuration list for PBXNativeTarget "mobile-incremental-prototype" */ = {
			isa = XCConfigurationList;
			buildConfigurations = (
				220EC90B2F1D3CEE00A32BFF /* Debug */,
				220EC90C2F1D3CEE00A32BFF /* Release */,
			);
			defaultConfigurationIsVisible = 0;
			defaultConfigurationName = Release;
		};
		220EC90D2F1D3CEE00A32BFF /* Build configuration list for PBXNativeTarget "mobile-incremental-prototypeTests" */ = {
			isa = XCConfigurationList;
			buildConfigurations = (
				220EC90E2F1D3CEE00A32BFF /* Debug */,
				220EC90F2F1D3CEE00A32BFF /* Release */,
			);
			defaultConfigurationIsVisible = 0;
			defaultConfigurationName = Release;
		};
		220EC9102F1D3CEE00A32BFF /* Build configuration list for PBXNativeTarget "mobile-incremental-prototypeUITests" */ = {
			isa = XCConfigurationList;
			buildConfigurations = (
				220EC9112F1D3CEE00A32BFF /* Debug */,
				220EC9122F1D3CEE00A32BFF /* Release */,
			);
			defaultConfigurationIsVisible = 0;
			defaultConfigurationName = Release;
		};
/* End XCConfigurationList section */
	};
	rootObject = 220EC8E12F1D3CEC00A32BFF /* Project object */;
}
